// !$*UTF8*$!
{
	archiveVersion = 1;
	classes = {
	};
	objectVersion = 50;
	objects = {

/* Begin PBXBuildFile section */
		BF7F8CBB25DAA7C70055B761 /* AppDelegate.swift in Sources */ = {isa = PBXBuildFile; fileRef = BF7F8CBA25DAA7C70055B761 /* AppDelegate.swift */; };
		BF7F8CBD25DAA7C70055B761 /* SceneDelegate.swift in Sources */ = {isa = PBXBuildFile; fileRef = BF7F8CBC25DAA7C70055B761 /* SceneDelegate.swift */; };
		BF7F8CC225DAA7C70055B761 /* Main.storyboard in Resources */ = {isa = PBXBuildFile; fileRef = BF7F8CC025DAA7C70055B761 /* Main.storyboard */; };
		BF7F8CC425DAA7CA0055B761 /* Assets.xcassets in Resources */ = {isa = PBXBuildFile; fileRef = BF7F8CC325DAA7CA0055B761 /* Assets.xcassets */; };
		BF7F8CC725DAA7CA0055B761 /* LaunchScreen.storyboard in Resources */ = {isa = PBXBuildFile; fileRef = BF7F8CC525DAA7CA0055B761 /* LaunchScreen.storyboard */; };
		BF7F8CD025DAA9FF0055B761 /* CustomButton.swift in Sources */ = {isa = PBXBuildFile; fileRef = BF7F8CCF25DAA9FF0055B761 /* CustomButton.swift */; };
		BF7F8CD325DACA510055B761 /* ClockView.swift in Sources */ = {isa = PBXBuildFile; fileRef = BF7F8CD225DACA510055B761 /* ClockView.swift */; };
		BF7F8CD625DAE8E20055B761 /* SegmentView.swift in Sources */ = {isa = PBXBuildFile; fileRef = BF7F8CD525DAE8E20055B761 /* SegmentView.swift */; };
/* End PBXBuildFile section */

/* Begin PBXFileReference section */
		BF7F8CB725DAA7C70055B761 /* HW 11.app */ = {isa = PBXFileReference; explicitFileType = wrapper.application; includeInIndex = 0; path = "HW 11.app"; sourceTree = BUILT_PRODUCTS_DIR; };
		BF7F8CBA25DAA7C70055B761 /* AppDelegate.swift */ = {isa = PBXFileReference; lastKnownFileType = sourcecode.swift; path = AppDelegate.swift; sourceTree = "<group>"; };
		BF7F8CBC25DAA7C70055B761 /* SceneDelegate.swift */ = {isa = PBXFileReference; lastKnownFileType = sourcecode.swift; path = SceneDelegate.swift; sourceTree = "<group>"; };
		BF7F8CC125DAA7C70055B761 /* Base */ = {isa = PBXFileReference; lastKnownFileType = file.storyboard; name = Base; path = Base.lproj/Main.storyboard; sourceTree = "<group>"; };
		BF7F8CC325DAA7CA0055B761 /* Assets.xcassets */ = {isa = PBXFileReference; lastKnownFileType = folder.assetcatalog; path = Assets.xcassets; sourceTree = "<group>"; };
		BF7F8CC625DAA7CA0055B761 /* Base */ = {isa = PBXFileReference; lastKnownFileType = file.storyboard; name = Base; path = Base.lproj/LaunchScreen.storyboard; sourceTree = "<group>"; };
		BF7F8CC825DAA7CA0055B761 /* Info.plist */ = {isa = PBXFileReference; lastKnownFileType = text.plist.xml; path = Info.plist; sourceTree = "<group>"; };
		BF7F8CCF25DAA9FF0055B761 /* CustomButton.swift */ = {isa = PBXFileReference; lastKnownFileType = sourcecode.swift; path = CustomButton.swift; sourceTree = "<group>"; };
		BF7F8CD225DACA510055B761 /* ClockView.swift */ = {isa = PBXFileReference; lastKnownFileType = sourcecode.swift; path = ClockView.swift; sourceTree = "<group>"; };
		BF7F8CD525DAE8E20055B761 /* SegmentView.swift */ = {isa = PBXFileReference; lastKnownFileType = sourcecode.swift; path = SegmentView.swift; sourceTree = "<group>"; };
/* End PBXFileReference section */

/* Begin PBXFrameworksBuildPhase section */
		BF7F8CB425DAA7C70055B761 /* Frameworks */ = {
			isa = PBXFrameworksBuildPhase;
			buildActionMask = 2147483647;
			files = (
			);
			runOnlyForDeploymentPostprocessing = 0;
		};
/* End PBXFrameworksBuildPhase section */

/* Begin PBXGroup section */
		BF7F8CAE25DAA7C70055B761 = {
			isa = PBXGroup;
			children = (
				BF7F8CB925DAA7C70055B761 /* HW 11 */,
				BF7F8CB825DAA7C70055B761 /* Products */,
			);
			sourceTree = "<group>";
		};
		BF7F8CB825DAA7C70055B761 /* Products */ = {
			isa = PBXGroup;
			children = (
				BF7F8CB725DAA7C70055B761 /* HW 11.app */,
			);
			name = Products;
			sourceTree = "<group>";
		};
		BF7F8CB925DAA7C70055B761 /* HW 11 */ = {
			isa = PBXGroup;
			children = (
				BF7F8CBA25DAA7C70055B761 /* AppDelegate.swift */,
				BF7F8CBC25DAA7C70055B761 /* SceneDelegate.swift */,
				BF7F8CD525DAE8E20055B761 /* SegmentView.swift */,
				BF7F8CC025DAA7C70055B761 /* Main.storyboard */,
				BF7F8CCF25DAA9FF0055B761 /* CustomButton.swift */,
				BF7F8CD225DACA510055B761 /* ClockView.swift */,
				BF7F8CC325DAA7CA0055B761 /* Assets.xcassets */,
				BF7F8CC525DAA7CA0055B761 /* LaunchScreen.storyboard */,
				BF7F8CC825DAA7CA0055B761 /* Info.plist */,
			);
			path = "HW 11";
			sourceTree = "<group>";
		};
/* End PBXGroup section */

/* Begin PBXNativeTarget section */
		BF7F8CB625DAA7C70055B761 /* HW 11 */ = {
			isa = PBXNativeTarget;
			buildConfigurationList = BF7F8CCB25DAA7CA0055B761 /* Build configuration list for PBXNativeTarget "HW 11" */;
			buildPhases = (
				BF7F8CB325DAA7C70055B761 /* Sources */,
				BF7F8CB425DAA7C70055B761 /* Frameworks */,
				BF7F8CB525DAA7C70055B761 /* Resources */,
			);
			buildRules = (
			);
			dependencies = (
			);
			name = "HW 11";
			productName = "HW 11";
			productReference = BF7F8CB725DAA7C70055B761 /* HW 11.app */;
			productType = "com.apple.product-type.application";
		};
/* End PBXNativeTarget section */

/* Begin PBXProject section */
		BF7F8CAF25DAA7C70055B761 /* Project object */ = {
			isa = PBXProject;
			attributes = {
				LastSwiftUpdateCheck = 1240;
				LastUpgradeCheck = 1240;
				TargetAttributes = {
					BF7F8CB625DAA7C70055B761 = {
						CreatedOnToolsVersion = 12.4;
					};
				};
			};
			buildConfigurationList = BF7F8CB225DAA7C70055B761 /* Build configuration list for PBXProject "HW 11" */;
			compatibilityVersion = "Xcode 9.3";
			developmentRegion = en;
			hasScannedForEncodings = 0;
			knownRegions = (
				en,
				Base,
			);
			mainGroup = BF7F8CAE25DAA7C70055B761;
			productRefGroup = BF7F8CB825DAA7C70055B761 /* Products */;
			projectDirPath = "";
			projectRoot = "";
			targets = (
				BF7F8CB625DAA7C70055B761 /* HW 11 */,
			);
		};
/* End PBXProject section */

/* Begin PBXResourcesBuildPhase section */
		BF7F8CB525DAA7C70055B761 /* Resources */ = {
			isa = PBXResourcesBuildPhase;
			buildActionMask = 2147483647;
			files = (
				BF7F8CC725DAA7CA0055B761 /* LaunchScreen.storyboard in Resources */,
				BF7F8CC425DAA7CA0055B761 /* Assets.xcassets in Resources */,
				BF7F8CC225DAA7C70055B761 /* Main.storyboard in Resources */,
			);
			runOnlyForDeploymentPostprocessing = 0;
		};
/* End PBXResourcesBuildPhase section */

/* Begin PBXSourcesBuildPhase section */
		BF7F8CB325DAA7C70055B761 /* Sources */ = {
			isa = PBXSourcesBuildPhase;
			buildActionMask = 2147483647;
			files = (
				BF7F8CD025DAA9FF0055B761 /* CustomButton.swift in Sources */,
				BF7F8CD325DACA510055B761 /* ClockView.swift in Sources */,
				BF7F8CBB25DAA7C70055B761 /* AppDelegate.swift in Sources */,
				BF7F8CD625DAE8E20055B761 /* SegmentView.swift in Sources */,
				BF7F8CBD25DAA7C70055B761 /* SceneDelegate.swift in Sources */,
			);
			runOnlyForDeploymentPostprocessing = 0;
		};
/* End PBXSourcesBuildPhase section */

/* Begin PBXVariantGroup section */
		BF7F8CC025DAA7C70055B761 /* Main.storyboard */ = {
			isa = PBXVariantGroup;
			children = (
				BF7F8CC125DAA7C70055B761 /* Base */,
			);
			name = Main.storyboard;
			sourceTree = "<group>";
		};
		BF7F8CC525DAA7CA0055B761 /* LaunchScreen.storyboard */ = {
			isa = PBXVariantGroup;
			children = (
				BF7F8CC625DAA7CA0055B761 /* Base */,
			);
			name = LaunchScreen.storyboard;
			sourceTree = "<group>";
		};
/* End PBXVariantGroup section */

/* Begin XCBuildConfiguration section */
		BF7F8CC925DAA7CA0055B761 /* Debug */ = {
			isa = XCBuildConfiguration;
			buildSettings = {
				ALWAYS_SEARCH_USER_PATHS = NO;
				CLANG_ANALYZER_NONNULL = YES;
				CLANG_ANALYZER_NUMBER_OBJECT_CONVERSION = YES_AGGRESSIVE;
				CLANG_CXX_LANGUAGE_STANDARD = "gnu++14";
				CLANG_CXX_LIBRARY = "libc++";
				CLANG_ENABLE_MODULES = YES;
				CLANG_ENABLE_OBJC_ARC = YES;
				CLANG_ENABLE_OBJC_WEAK = YES;
				CLANG_WARN_BLOCK_CAPTURE_AUTORELEASING = YES;
				CLANG_WARN_BOOL_CONVERSION = YES;
				CLANG_WARN_COMMA = YES;
				CLANG_WARN_CONSTANT_CONVERSION = YES;
				CLANG_WARN_DEPRECATED_OBJC_IMPLEMENTATIONS = YES;
				CLANG_WARN_DIRECT_OBJC_ISA_USAGE = YES_ERROR;
				CLANG_WARN_DOCUMENTATION_COMMENTS = YES;
				CLANG_WARN_EMPTY_BODY = YES;
				CLANG_WARN_ENUM_CONVERSION = YES;
				CLANG_WARN_INFINITE_RECURSION = YES;
				CLANG_WARN_INT_CONVERSION = YES;
				CLANG_WARN_NON_LITERAL_NULL_CONVERSION = YES;
				CLANG_WARN_OBJC_IMPLICIT_RETAIN_SELF = YES;
				CLANG_WARN_OBJC_LITERAL_CONVERSION = YES;
				CLANG_WARN_OBJC_ROOT_CLASS = YES_ERROR;
				CLANG_WARN_QUOTED_INCLUDE_IN_FRAMEWORK_HEADER = YES;
				CLANG_WARN_RANGE_LOOP_ANALYSIS = YES;
				CLANG_WARN_STRICT_PROTOTYPES = YES;
				CLANG_WARN_SUSPICIOUS_MOVE = YES;
				CLANG_WARN_UNGUARDED_AVAILABILITY = YES_AGGRESSIVE;
				CLANG_WARN_UNREACHABLE_CODE = YES;
				CLANG_WARN__DUPLICATE_METHOD_MATCH = YES;
				COPY_PHASE_STRIP = NO;
				DEBUG_INFORMATION_FORMAT = dwarf;
				ENABLE_STRICT_OBJC_MSGSEND = YES;
				ENABLE_TESTABILITY = YES;
				GCC_C_LANGUAGE_STANDARD = gnu11;
				GCC_DYNAMIC_NO_PIC = NO;
				GCC_NO_COMMON_BLOCKS = YES;
				GCC_OPTIMIZATION_LEVEL = 0;
				GCC_PREPROCESSOR_DEFINITIONS = (
					"DEBUG=1",
					"$(inherited)",
				);
				GCC_WARN_64_TO_32_BIT_CONVERSION = YES;
				GCC_WARN_ABOUT_RETURN_TYPE = YES_ERROR;
				GCC_WARN_UNDECLARED_SELECTOR = YES;
				GCC_WARN_UNINITIALIZED_AUTOS = YES_AGGRESSIVE;
				GCC_WARN_UNUSED_FUNCTION = YES;
				GCC_WARN_UNUSED_VARIABLE = YES;
				IPHONEOS_DEPLOYMENT_TARGET = 14.4;
				MTL_ENABLE_DEBUG_INFO = INCLUDE_SOURCE;
				MTL_FAST_MATH = YES;
				ONLY_ACTIVE_ARCH = YES;
				SDKROOT = iphoneos;
				SWIFT_ACTIVE_COMPILATION_CONDITIONS = DEBUG;
				SWIFT_OPTIMIZATION_LEVEL = "-Onone";
			};
			name = Debug;
		};
		BF7F8CCA25DAA7CA0055B761 /* Release */ = {
			isa = XCBuildConfiguration;
			buildSettings = {
				ALWAYS_SEARCH_USER_PATHS = NO;
				CLANG_ANALYZER_NONNULL = YES;
				CLANG_ANALYZER_NUMBER_OBJECT_CONVERSION = YES_AGGRESSIVE;
				CLANG_CXX_LANGUAGE_STANDARD = "gnu++14";
				CLANG_CXX_LIBRARY = "libc++";
				CLANG_ENABLE_MODULES = YES;
				CLANG_ENABLE_OBJC_ARC = YES;
				CLANG_ENABLE_OBJC_WEAK = YES;
				CLANG_WARN_BLOCK_CAPTURE_AUTORELEASING = YES;
				CLANG_WARN_BOOL_CONVERSION = YES;
				CLANG_WARN_COMMA = YES;
				CLANG_WARN_CONSTANT_CONVERSION = YES;
				CLANG_WARN_DEPRECATED_OBJC_IMPLEMENTATIONS = YES;
				CLANG_WARN_DIRECT_OBJC_ISA_USAGE = YES_ERROR;
				CLANG_WARN_DOCUMENTATION_COMMENTS = YES;
				CLANG_WARN_EMPTY_BODY = YES;
				CLANG_WARN_ENUM_CONVERSION = YES;
				CLANG_WARN_INFINITE_RECURSION = YES;
				CLANG_WARN_INT_CONVERSION = YES;
				CLANG_WARN_NON_LITERAL_NULL_CONVERSION = YES;
				CLANG_WARN_OBJC_IMPLICIT_RETAIN_SELF = YES;
				CLANG_WARN_OBJC_LITERAL_CONVERSION = YES;
				CLANG_WARN_OBJC_ROOT_CLASS = YES_ERROR;
				CLANG_WARN_QUOTED_INCLUDE_IN_FRAMEWORK_HEADER = YES;
				CLANG_WARN_RANGE_LOOP_ANALYSIS = YES;
				CLANG_WARN_STRICT_PROTOTYPES = YES;
				CLANG_WARN_SUSPICIOUS_MOVE = YES;
				CLANG_WARN_UNGUARDED_AVAILABILITY = YES_AGGRESSIVE;
				CLANG_WARN_UNREACHABLE_CODE = YES;
				CLANG_WARN__DUPLICATE_METHOD_MATCH = YES;
				COPY_PHASE_STRIP = NO;
				DEBUG_INFORMATION_FORMAT = "dwarf-with-dsym";
				ENABLE_NS_ASSERTIONS = NO;
				ENABLE_STRICT_OBJC_MSGSEND = YES;
				GCC_C_LANGUAGE_STANDARD = gnu11;
				GCC_NO_COMMON_BLOCKS = YES;
				GCC_WARN_64_TO_32_BIT_CONVERSION = YES;
				GCC_WARN_ABOUT_RETURN_TYPE = YES_ERROR;
				GCC_WARN_UNDECLARED_SELECTOR = YES;
				GCC_WARN_UNINITIALIZED_AUTOS = YES_AGGRESSIVE;
				GCC_WARN_UNUSED_FUNCTION = YES;
				GCC_WARN_UNUSED_VARIABLE = YES;
				IPHONEOS_DEPLOYMENT_TARGET = 14.4;
				MTL_ENABLE_DEBUG_INFO = NO;
				MTL_FAST_MATH = YES;
				SDKROOT = iphoneos;
				SWIFT_COMPILATION_MODE = wholemodule;
				SWIFT_OPTIMIZATION_LEVEL = "-O";
				VALIDATE_PRODUCT = YES;
			};
			name = Release;
		};
		BF7F8CCC25DAA7CA0055B761 /* Debug */ = {
			isa = XCBuildConfiguration;
			buildSettings = {
				ASSETCATALOG_COMPILER_APPICON_NAME = AppIcon;
				ASSETCATALOG_COMPILER_GLOBAL_ACCENT_COLOR_NAME = AccentColor;
				CODE_SIGN_STYLE = Automatic;
				DEVELOPMENT_TEAM = WS5CH2M9RG;
				INFOPLIST_FILE = "HW 11/Info.plist";
				LD_RUNPATH_SEARCH_PATHS = (
					"$(inherited)",
					"@executable_path/Frameworks",
				);
				PRODUCT_BUNDLE_IDENTIFIER = "TV-Production.HW-11";
				PRODUCT_NAME = "$(TARGET_NAME)";
				SWIFT_VERSION = 5.0;
				TARGETED_DEVICE_FAMILY = "1,2";
			};
			name = Debug;
		};
		BF7F8CCD25DAA7CA0055B761 /* Release */ = {
			isa = XCBuildConfiguration;
			buildSettings = {
				ASSETCATALOG_COMPILER_APPICON_NAME = AppIcon;
				ASSETCATALOG_COMPILER_GLOBAL_ACCENT_COLOR_NAME = AccentColor;
				CODE_SIGN_STYLE = Automatic;
				DEVELOPMENT_TEAM = WS5CH2M9RG;
				INFOPLIST_FILE = "HW 11/Info.plist";
				LD_RUNPATH_SEARCH_PATHS = (
					"$(inherited)",
					"@executable_path/Frameworks",
				);
				PRODUCT_BUNDLE_IDENTIFIER = "TV-Production.HW-11";
				PRODUCT_NAME = "$(TARGET_NAME)";
				SWIFT_VERSION = 5.0;
				TARGETED_DEVICE_FAMILY = "1,2";
			};
			name = Release;
		};
/* End XCBuildConfiguration section */

/* Begin XCConfigurationList section */
		BF7F8CB225DAA7C70055B761 /* Build configuration list for PBXProject "HW 11" */ = {
			isa = XCConfigurationList;
			buildConfigurations = (
				BF7F8CC925DAA7CA0055B761 /* Debug */,
				BF7F8CCA25DAA7CA0055B761 /* Release */,
			);
			defaultConfigurationIsVisible = 0;
			defaultConfigurationName = Release;
		};
		BF7F8CCB25DAA7CA0055B761 /* Build configuration list for PBXNativeTarget "HW 11" */ = {
			isa = XCConfigurationList;
			buildConfigurations = (
				BF7F8CCC25DAA7CA0055B761 /* Debug */,
				BF7F8CCD25DAA7CA0055B761 /* Release */,
			);
			defaultConfigurationIsVisible = 0;
			defaultConfigurationName = Release;
		};
/* End XCConfigurationList section */
	};
	rootObject = BF7F8CAF25DAA7C70055B761 /* Project object */;
}
